
Microsoft Visual Studio Solution File, Format Version 12.00
# Visual Studio 15
VisualStudioVersion = 15.0.27428.2027
MinimumVisualStudioVersion = 10.0.40219.1
Project("{9A19103F-16F7-4668-BE54-9A1E7A4F7556}") = "GitDemo_SUMAN", "GitDemo_SUMAN\GitDemo_SUMAN.csproj", "{F725BAAF-B5D8-4C57-9B9B-75EBEFAEFAC5}"
EndProject
Project("{FAE04EC0-301F-11D3-BF4B-00C04F79EFBC}") = "ConsoleAppDemo", "ConsoleAppDemo\ConsoleAppDemo.csproj", "{81F47C7D-A960-47B1-9A65-1882C75A7146}"
EndProject
Project("{FAE04EC0-301F-11D3-BF4B-00C04F79EFBC}") = "testingProj", "..\..\Vinutha\testingProj\testingProj\testingProj.csproj", "{4702D3C7-9FA4-4500-9795-80D57097E420}"
EndProject
Global
	GlobalSection(SolutionConfigurationPlatforms) = preSolution
		Debug|Any CPU = Debug|Any CPU
		Release|Any CPU = Release|Any CPU
	EndGlobalSection
	GlobalSection(ProjectConfigurationPlatforms) = postSolution
		{F725BAAF-B5D8-4C57-9B9B-75EBEFAEFAC5}.Debug|Any CPU.ActiveCfg = Debug|Any CPU
		{F725BAAF-B5D8-4C57-9B9B-75EBEFAEFAC5}.Debug|Any CPU.Build.0 = Debug|Any CPU
		{F725BAAF-B5D8-4C57-9B9B-75EBEFAEFAC5}.Release|Any CPU.ActiveCfg = Release|Any CPU
		{F725BAAF-B5D8-4C57-9B9B-75EBEFAEFAC5}.Release|Any CPU.Build.0 = Release|Any CPU
		{81F47C7D-A960-47B1-9A65-1882C75A7146}.Debug|Any CPU.ActiveCfg = Debug|Any CPU
		{81F47C7D-A960-47B1-9A65-1882C75A7146}.Debug|Any CPU.Build.0 = Debug|Any CPU
		{81F47C7D-A960-47B1-9A65-1882C75A7146}.Release|Any CPU.ActiveCfg = Release|Any CPU
		{81F47C7D-A960-47B1-9A65-1882C75A7146}.Release|Any CPU.Build.0 = Release|Any CPU
		{4702D3C7-9FA4-4500-9795-80D57097E420}.Debug|Any CPU.ActiveCfg = Debug|Any CPU
		{4702D3C7-9FA4-4500-9795-80D57097E420}.Debug|Any CPU.Build.0 = Debug|Any CPU
		{4702D3C7-9FA4-4500-9795-80D57097E420}.Release|Any CPU.ActiveCfg = Release|Any CPU
		{4702D3C7-9FA4-4500-9795-80D57097E420}.Release|Any CPU.Build.0 = Release|Any CPU
	EndGlobalSection
	GlobalSection(SolutionProperties) = preSolution
		HideSolutionNode = FALSE
	EndGlobalSection
	GlobalSection(ExtensibilityGlobals) = postSolution
		SolutionGuid = {D55135AC-7FB4-404C-A5BF-181382004948}
	EndGlobalSection
EndGlobal
